{
  "name": "@augmem/cortext-openclaw-plugin",
  "version": "0.1.0",
  "lockfileVersion": 3,
  "requires": true,
  "packages": {
    "": {
      "name": "@augmem/cortext-openclaw-plugin",
      "version": "0.1.0",
      "license": "Apache-2.0",
      "dependencies": {
        "@augmem/cortext": "^1.2.0"
      },
      "devDependencies": {
        "@types/node": "^20.0.0",
        "typescript": "^5.4.0"
      },
      "engines": {
        "node": ">=18"
      },
      "peerDependencies": {
        "openclaw": "*"
      },
      "peerDependenciesMeta": {
        "openclaw": {
          "optional": true
        }
      }
    },
    "node_modules/@augmem/cortext": {
      "version": "1.2.0",
      "resolved": "https://registry.npmjs.org/@augmem/cortext/-/cortext-1.2.0.tgz",
      "integrity": "sha512-Ha8xRVmcBiUus6vIc8MQMEOyeZx58UQHoF5pQgpO0FEkahB/H+PQR3hVNYpgTnwNhl8/wilt5Mjwulp0Z68ruA==",
      "license": "Apache-2.0",
      "engines": {
        "node": ">=18"
      }
    },
    "node_modules/@types/node": {
      "version": "20.19.43",
      "dev": true,
      "license": "MIT",
      "dependencies": {
        "undici-types": "~6.21.0"
      }
    },
    "node_modules/typescript": {
      "version": "5.9.3",
      "dev": true,
      "license": "Apache-2.0",
      "bin": {
        "tsc": "bin/tsc",
        "tsserver": "bin/tsserver"
      },
      "engines": {
        "node": ">=14.17"
      }
    },
    "node_modules/undici-types": {
      "version": "6.21.0",
      "dev": true,
      "license": "MIT"
    }
  }
}
